
Microsoft Visual Studio Solution File, Format Version 12.00
# Visual Studio 2013
VisualStudioVersion = 12.0.21005.1
MinimumVisualStudioVersion = 10.0.40219.1
Project("{FAE04EC0-301F-11D3-BF4B-00C04F79EFBC}") = "1. OddOrEven", "1. OddOrEven\1. OddOrEven.csproj", "{13960B11-08A9-40BF-8121-DA1AE1214879}"
EndProject
Project("{FAE04EC0-301F-11D3-BF4B-00C04F79EFBC}") = "2. CalculateWeightMoon", "2. CalculateWeightMoon\2. CalculateWeightMoon.csproj", "{23B49BBC-66F6-4AC0-93F9-34CFEEF667A1}"
EndProject
Project("{FAE04EC0-301F-11D3-BF4B-00C04F79EFBC}") = "3. CheckInteger", "3. CheckInteger\3. CheckInteger.csproj", "{D08A696A-E056-4687-A8D6-4AC0E382AC5A}"
EndProject
Project("{FAE04EC0-301F-11D3-BF4B-00C04F79EFBC}") = "4. RectanglePerimeterAndArea", "4. RectanglePerimeterAndArea\4. RectanglePerimeterAndArea.csproj", "{10E81537-C0D1-43D0-BD37-F654D9D01102}"
EndProject
Project("{FAE04EC0-301F-11D3-BF4B-00C04F79EFBC}") = "5. CheckThirdDigit - Var1", "5. CheckThirdDigit - Var1\5. CheckThirdDigit - Var1.csproj", "{52FAB478-64AC-4C8C-A6A7-293E1FAD2769}"
EndProject
Project("{FAE04EC0-301F-11D3-BF4B-00C04F79EFBC}") = "5. CheckThirdDigit - Var2", "5. CheckThirdDigit - Var2\5. CheckThirdDigit - Var2.csproj", "{6D91E54E-95E7-4213-86AF-9A6B72278FAF}"
EndProject
Project("{FAE04EC0-301F-11D3-BF4B-00C04F79EFBC}") = "6. FourDigitNumber - Var1", "6. FourDigitNumber - Var1\6. FourDigitNumber - Var1.csproj", "{D5921A62-A9FB-4CA1-8E0F-320821CED77D}"
EndProject
Project("{FAE04EC0-301F-11D3-BF4B-00C04F79EFBC}") = "6. FourDigitNumber - Var2", "6. FourDigitNumber - Var2\6. FourDigitNumber - Var2.csproj", "{DD369B98-C3C6-464B-A808-68B28402F01A}"
EndProject
Project("{FAE04EC0-301F-11D3-BF4B-00C04F79EFBC}") = "7. CheckPointCircle", "7. CheckPointCircle\7. CheckPointCircle.csproj", "{35F559FE-8753-4F6E-9CF8-387CDA2ABF05}"
EndProject
Project("{FAE04EC0-301F-11D3-BF4B-00C04F79EFBC}") = "8. PrimeNumberCheck", "8. PrimeNumberCheck\8. PrimeNumberCheck.csproj", "{039E0160-9211-4CFF-9D89-03858E36FD95}"
EndProject
Project("{FAE04EC0-301F-11D3-BF4B-00C04F79EFBC}") = "10. CheckPointCircleRectangle", "10. CheckPointCircleRectangle\10. CheckPointCircleRectangle.csproj", "{A63499CA-264E-4E7B-A0A2-9D6C407C5E4D}"
EndProject
Project("{FAE04EC0-301F-11D3-BF4B-00C04F79EFBC}") = "11. CheckThirdBit - Var1", "11. CheckThirdBit - Var1\11. CheckThirdBit - Var1.csproj", "{06642866-6597-4903-9385-FF7F97AA379E}"
EndProject
Project("{FAE04EC0-301F-11D3-BF4B-00C04F79EFBC}") = "11. CheckThirdBit - Var2", "11. CheckThirdBit - Var2\11. CheckThirdBit - Var2.csproj", "{7757A8E5-8760-4C54-963C-AD28781F7620}"
EndProject
Project("{FAE04EC0-301F-11D3-BF4B-00C04F79EFBC}") = "12. ExtractBit - Var1", "12. ExtractBit - Var1\12. ExtractBit - Var1.csproj", "{566BA231-BA3A-440F-B75E-8D90799316C0}"
EndProject
Project("{FAE04EC0-301F-11D3-BF4B-00C04F79EFBC}") = "12. ExtractBit - Var2", "12. ExtractBit - Var2\12. ExtractBit - Var2.csproj", "{4F795847-FA01-43A4-BCC4-49C0200E265A}"
EndProject
Project("{FAE04EC0-301F-11D3-BF4B-00C04F79EFBC}") = "13. CheckBitPosition", "13. CheckBitPosition\13. CheckBitPosition.csproj", "{AA0CE279-8487-47B0-82DB-8DF54BAE3DFB}"
EndProject
Project("{FAE04EC0-301F-11D3-BF4B-00C04F79EFBC}") = "14. ChangeBit - Var1", "14. ChangeBit - Var1\14. ChangeBit - Var1.csproj", "{805B2F11-9A84-4C67-BC02-CEB16B6CC686}"
EndProject
Project("{FAE04EC0-301F-11D3-BF4B-00C04F79EFBC}") = "14. ChangeBit - Var2", "14. ChangeBit - Var2\14. ChangeBit - Var2.csproj", "{C0EF3B61-CE9F-495A-BD6D-FB462340A5FB}"
EndProject
Project("{FAE04EC0-301F-11D3-BF4B-00C04F79EFBC}") = "15. BitsExchange", "15. BitsExchange\15. BitsExchange.csproj", "{4CDA2BE3-A107-4403-8FC3-73DA2A717EF9}"
EndProject
Project("{FAE04EC0-301F-11D3-BF4B-00C04F79EFBC}") = "16. BitsExchangeAdvanced", "16. BitsExchangeAdvanced\16. BitsExchangeAdvanced.csproj", "{4C33151F-272B-41E8-8AF9-60668B58593F}"
EndProject
Project("{FAE04EC0-301F-11D3-BF4B-00C04F79EFBC}") = "9. Trapezoids", "9. Trapezoids\9. Trapezoids.csproj", "{6069CCC8-E1AB-48EF-8C55-BB07E21A4B40}"
EndProject
Global
	GlobalSection(SolutionConfigurationPlatforms) = preSolution
		Debug|Any CPU = Debug|Any CPU
		Release|Any CPU = Release|Any CPU
	EndGlobalSection
	GlobalSection(ProjectConfigurationPlatforms) = postSolution
		{13960B11-08A9-40BF-8121-DA1AE1214879}.Debug|Any CPU.ActiveCfg = Debug|Any CPU
		{13960B11-08A9-40BF-8121-DA1AE1214879}.Debug|Any CPU.Build.0 = Debug|Any CPU
		{13960B11-08A9-40BF-8121-DA1AE1214879}.Release|Any CPU.ActiveCfg = Release|Any CPU
		{13960B11-08A9-40BF-8121-DA1AE1214879}.Release|Any CPU.Build.0 = Release|Any CPU
		{23B49BBC-66F6-4AC0-93F9-34CFEEF667A1}.Debug|Any CPU.ActiveCfg = Debug|Any CPU
		{23B49BBC-66F6-4AC0-93F9-34CFEEF667A1}.Debug|Any CPU.Build.0 = Debug|Any CPU
		{23B49BBC-66F6-4AC0-93F9-34CFEEF667A1}.Release|Any CPU.ActiveCfg = Release|Any CPU
		{23B49BBC-66F6-4AC0-93F9-34CFEEF667A1}.Release|Any CPU.Build.0 = Release|Any CPU
		{D08A696A-E056-4687-A8D6-4AC0E382AC5A}.Debug|Any CPU.ActiveCfg = Debug|Any CPU
		{D08A696A-E056-4687-A8D6-4AC0E382AC5A}.Debug|Any CPU.Build.0 = Debug|Any CPU
		{D08A696A-E056-4687-A8D6-4AC0E382AC5A}.Release|Any CPU.ActiveCfg = Release|Any CPU
		{D08A696A-E056-4687-A8D6-4AC0E382AC5A}.Release|Any CPU.Build.0 = Release|Any CPU
		{10E81537-C0D1-43D0-BD37-F654D9D01102}.Debug|Any CPU.ActiveCfg = Debug|Any CPU
		{10E81537-C0D1-43D0-BD37-F654D9D01102}.Debug|Any CPU.Build.0 = Debug|Any CPU
		{10E81537-C0D1-43D0-BD37-F654D9D01102}.Release|Any CPU.ActiveCfg = Release|Any CPU
		{10E81537-C0D1-43D0-BD37-F654D9D01102}.Release|Any CPU.Build.0 = Release|Any CPU
		{52FAB478-64AC-4C8C-A6A7-293E1FAD2769}.Debug|Any CPU.ActiveCfg = Debug|Any CPU
		{52FAB478-64AC-4C8C-A6A7-293E1FAD2769}.Debug|Any CPU.Build.0 = Debug|Any CPU
		{52FAB478-64AC-4C8C-A6A7-293E1FAD2769}.Release|Any CPU.ActiveCfg = Release|Any CPU
		{52FAB478-64AC-4C8C-A6A7-293E1FAD2769}.Release|Any CPU.Build.0 = Release|Any CPU
		{6D91E54E-95E7-4213-86AF-9A6B72278FAF}.Debug|Any CPU.ActiveCfg = Debug|Any CPU
		{6D91E54E-95E7-4213-86AF-9A6B72278FAF}.Debug|Any CPU.Build.0 = Debug|Any CPU
		{6D91E54E-95E7-4213-86AF-9A6B72278FAF}.Release|Any CPU.ActiveCfg = Release|Any CPU
		{6D91E54E-95E7-4213-86AF-9A6B72278FAF}.Release|Any CPU.Build.0 = Release|Any CPU
		{D5921A62-A9FB-4CA1-8E0F-320821CED77D}.Debug|Any CPU.ActiveCfg = Debug|Any CPU
		{D5921A62-A9FB-4CA1-8E0F-320821CED77D}.Debug|Any CPU.Build.0 = Debug|Any CPU
		{D5921A62-A9FB-4CA1-8E0F-320821CED77D}.Release|Any CPU.ActiveCfg = Release|Any CPU
		{D5921A62-A9FB-4CA1-8E0F-320821CED77D}.Release|Any CPU.Build.0 = Release|Any CPU
		{DD369B98-C3C6-464B-A808-68B28402F01A}.Debug|Any CPU.ActiveCfg = Debug|Any CPU
		{DD369B98-C3C6-464B-A808-68B28402F01A}.Debug|Any CPU.Build.0 = Debug|Any CPU
		{DD369B98-C3C6-464B-A808-68B28402F01A}.Release|Any CPU.ActiveCfg = Release|Any CPU
		{DD369B98-C3C6-464B-A808-68B28402F01A}.Release|Any CPU.Build.0 = Release|Any CPU
		{35F559FE-8753-4F6E-9CF8-387CDA2ABF05}.Debug|Any CPU.ActiveCfg = Debug|Any CPU
		{35F559FE-8753-4F6E-9CF8-387CDA2ABF05}.Debug|Any CPU.Build.0 = Debug|Any CPU
		{35F559FE-8753-4F6E-9CF8-387CDA2ABF05}.Release|Any CPU.ActiveCfg = Release|Any CPU
		{35F559FE-8753-4F6E-9CF8-387CDA2ABF05}.Release|Any CPU.Build.0 = Release|Any CPU
		{039E0160-9211-4CFF-9D89-03858E36FD95}.Debug|Any CPU.ActiveCfg = Debug|Any CPU
		{039E0160-9211-4CFF-9D89-03858E36FD95}.Debug|Any CPU.Build.0 = Debug|Any CPU
		{039E0160-9211-4CFF-9D89-03858E36FD95}.Release|Any CPU.ActiveCfg = Release|Any CPU
		{039E0160-9211-4CFF-9D89-03858E36FD95}.Release|Any CPU.Build.0 = Release|Any CPU
		{A63499CA-264E-4E7B-A0A2-9D6C407C5E4D}.Debug|Any CPU.ActiveCfg = Debug|Any CPU
		{A63499CA-264E-4E7B-A0A2-9D6C407C5E4D}.Debug|Any CPU.Build.0 = Debug|Any CPU
		{A63499CA-264E-4E7B-A0A2-9D6C407C5E4D}.Release|Any CPU.ActiveCfg = Release|Any CPU
		{A63499CA-264E-4E7B-A0A2-9D6C407C5E4D}.Release|Any CPU.Build.0 = Release|Any CPU
		{06642866-6597-4903-9385-FF7F97AA379E}.Debug|Any CPU.ActiveCfg = Debug|Any CPU
		{06642866-6597-4903-9385-FF7F97AA379E}.Debug|Any CPU.Build.0 = Debug|Any CPU
		{06642866-6597-4903-9385-FF7F97AA379E}.Release|Any CPU.ActiveCfg = Release|Any CPU
		{06642866-6597-4903-9385-FF7F97AA379E}.Release|Any CPU.Build.0 = Release|Any CPU
		{7757A8E5-8760-4C54-963C-AD28781F7620}.Debug|Any CPU.ActiveCfg = Debug|Any CPU
		{7757A8E5-8760-4C54-963C-AD28781F7620}.Debug|Any CPU.Build.0 = Debug|Any CPU
		{7757A8E5-8760-4C54-963C-AD28781F7620}.Release|Any CPU.ActiveCfg = Release|Any CPU
		{7757A8E5-8760-4C54-963C-AD28781F7620}.Release|Any CPU.Build.0 = Release|Any CPU
		{566BA231-BA3A-440F-B75E-8D90799316C0}.Debug|Any CPU.ActiveCfg = Debug|Any CPU
		{566BA231-BA3A-440F-B75E-8D90799316C0}.Debug|Any CPU.Build.0 = Debug|Any CPU
		{566BA231-BA3A-440F-B75E-8D90799316C0}.Release|Any CPU.ActiveCfg = Release|Any CPU
		{566BA231-BA3A-440F-B75E-8D90799316C0}.Release|Any CPU.Build.0 = Release|Any CPU
		{4F795847-FA01-43A4-BCC4-49C0200E265A}.Debug|Any CPU.ActiveCfg = Debug|Any CPU
		{4F795847-FA01-43A4-BCC4-49C0200E265A}.Debug|Any CPU.Build.0 = Debug|Any CPU
		{4F795847-FA01-43A4-BCC4-49C0200E265A}.Release|Any CPU.ActiveCfg = Release|Any CPU
		{4F795847-FA01-43A4-BCC4-49C0200E265A}.Release|Any CPU.Build.0 = Release|Any CPU
		{AA0CE279-8487-47B0-82DB-8DF54BAE3DFB}.Debug|Any CPU.ActiveCfg = Debug|Any CPU
		{AA0CE279-8487-47B0-82DB-8DF54BAE3DFB}.Debug|Any CPU.Build.0 = Debug|Any CPU
		{AA0CE279-8487-47B0-82DB-8DF54BAE3DFB}.Release|Any CPU.ActiveCfg = Release|Any CPU
		{AA0CE279-8487-47B0-82DB-8DF54BAE3DFB}.Release|Any CPU.Build.0 = Release|Any CPU
		{805B2F11-9A84-4C67-BC02-CEB16B6CC686}.Debug|Any CPU.ActiveCfg = Debug|Any CPU
		{805B2F11-9A84-4C67-BC02-CEB16B6CC686}.Debug|Any CPU.Build.0 = Debug|Any CPU
		{805B2F11-9A84-4C67-BC02-CEB16B6CC686}.Release|Any CPU.ActiveCfg = Release|Any CPU
		{805B2F11-9A84-4C67-BC02-CEB16B6CC686}.Release|Any CPU.Build.0 = Release|Any CPU
		{C0EF3B61-CE9F-495A-BD6D-FB462340A5FB}.Debug|Any CPU.ActiveCfg = Debug|Any CPU
		{C0EF3B61-CE9F-495A-BD6D-FB462340A5FB}.Debug|Any CPU.Build.0 = Debug|Any CPU
		{C0EF3B61-CE9F-495A-BD6D-FB462340A5FB}.Release|Any CPU.ActiveCfg = Release|Any CPU
		{C0EF3B61-CE9F-495A-BD6D-FB462340A5FB}.Release|Any CPU.Build.0 = Release|Any CPU
		{4CDA2BE3-A107-4403-8FC3-73DA2A717EF9}.Debug|Any CPU.ActiveCfg = Debug|Any CPU
		{4CDA2BE3-A107-4403-8FC3-73DA2A717EF9}.Debug|Any CPU.Build.0 = Debug|Any CPU
		{4CDA2BE3-A107-4403-8FC3-73DA2A717EF9}.Release|Any CPU.ActiveCfg = Release|Any CPU
		{4CDA2BE3-A107-4403-8FC3-73DA2A717EF9}.Release|Any CPU.Build.0 = Release|Any CPU
		{4C33151F-272B-41E8-8AF9-60668B58593F}.Debug|Any CPU.ActiveCfg = Debug|Any CPU
		{4C33151F-272B-41E8-8AF9-60668B58593F}.Debug|Any CPU.Build.0 = Debug|Any CPU
		{4C33151F-272B-41E8-8AF9-60668B58593F}.Release|Any CPU.ActiveCfg = Release|Any CPU
		{4C33151F-272B-41E8-8AF9-60668B58593F}.Release|Any CPU.Build.0 = Release|Any CPU
		{6069CCC8-E1AB-48EF-8C55-BB07E21A4B40}.Debug|Any CPU.ActiveCfg = Debug|Any CPU
		{6069CCC8-E1AB-48EF-8C55-BB07E21A4B40}.Debug|Any CPU.Build.0 = Debug|Any CPU
		{6069CCC8-E1AB-48EF-8C55-BB07E21A4B40}.Release|Any CPU.ActiveCfg = Release|Any CPU
		{6069CCC8-E1AB-48EF-8C55-BB07E21A4B40}.Release|Any CPU.Build.0 = Release|Any CPU
	EndGlobalSection
	GlobalSection(SolutionProperties) = preSolution
		HideSolutionNode = FALSE
	EndGlobalSection
EndGlobal
