
Microsoft Visual Studio Solution File, Format Version 12.00
# Visual Studio Express 2013 for Windows Desktop
VisualStudioVersion = 12.0.21005.1
MinimumVisualStudioVersion = 10.0.40219.1
Project("{FAE04EC0-301F-11D3-BF4B-00C04F79EFBC}") = "1. ExchangeIfGreater", "1. ExchangeIfGreater\1. ExchangeIfGreater.csproj", "{0282135A-F16E-481B-A243-902B9F383B7A}"
EndProject
Project("{FAE04EC0-301F-11D3-BF4B-00C04F79EFBC}") = "2. BonusScore", "2. BonusScore\2. BonusScore.csproj", "{12E0FEE1-0459-4469-AF62-9E1CAD61645B}"
EndProject
Project("{FAE04EC0-301F-11D3-BF4B-00C04F79EFBC}") = "3. CheckPlayCard", "3. CheckPlayCard\3. CheckPlayCard.csproj", "{7FB35C3F-01F5-4DC1-A159-7DBB43980742}"
EndProject
Project("{FAE04EC0-301F-11D3-BF4B-00C04F79EFBC}") = "4. MultiplicationSign", "4. MultiplicationSign\4. MultiplicationSign.csproj", "{89683CCE-0AB2-40A5-9321-23834CD27A9C}"
EndProject
Project("{FAE04EC0-301F-11D3-BF4B-00C04F79EFBC}") = "5. TheBiggest3Num", "5. TheBiggestNum\5. TheBiggest3Num.csproj", "{6BEDCC6C-6001-42EA-9EA4-F46CB9C074A3}"
EndProject
Project("{FAE04EC0-301F-11D3-BF4B-00C04F79EFBC}") = "6. TheBiggest5Num", "6. TheBiggest5Num\6. TheBiggest5Num.csproj", "{3494B0DC-838E-4E8D-8BF4-47AC22B0CB38}"
EndProject
Project("{FAE04EC0-301F-11D3-BF4B-00C04F79EFBC}") = "7. Sort3Numbers", "7. Sort3Numbers\7. Sort3Numbers.csproj", "{00A873EF-138C-4220-BC30-CAC7B3C825BE}"
EndProject
Project("{FAE04EC0-301F-11D3-BF4B-00C04F79EFBC}") = "8. DigitAsWord", "8. DigitAsWord\8. DigitAsWord.csproj", "{631F9123-E4CA-4F92-BFD7-D07985A3A8F2}"
EndProject
Project("{FAE04EC0-301F-11D3-BF4B-00C04F79EFBC}") = "9. IntDoubleString", "9. IntDoubleString\9. IntDoubleString.csproj", "{6B0CE48E-57B8-433F-A436-7042E2564953}"
EndProject
Project("{FAE04EC0-301F-11D3-BF4B-00C04F79EFBC}") = "10. BeerTime", "10. BeerTime\10. BeerTime.csproj", "{FA14DD80-B141-480D-9D57-A6D66C979DE4}"
EndProject
Project("{FAE04EC0-301F-11D3-BF4B-00C04F79EFBC}") = "11. NumbersAsWords", "11. NumbersAsWords\11. NumbersAsWords.csproj", "{4580BB42-0A6A-4A97-AA31-7B6621AB30A5}"
EndProject
Project("{FAE04EC0-301F-11D3-BF4B-00C04F79EFBC}") = "12. ZeroSubset", "12. ZeroSubset\12. ZeroSubset.csproj", "{9168223B-E028-48F9-9578-91B946208012}"
EndProject
Global
	GlobalSection(SolutionConfigurationPlatforms) = preSolution
		Debug|Any CPU = Debug|Any CPU
		Release|Any CPU = Release|Any CPU
	EndGlobalSection
	GlobalSection(ProjectConfigurationPlatforms) = postSolution
		{0282135A-F16E-481B-A243-902B9F383B7A}.Debug|Any CPU.ActiveCfg = Debug|Any CPU
		{0282135A-F16E-481B-A243-902B9F383B7A}.Debug|Any CPU.Build.0 = Debug|Any CPU
		{0282135A-F16E-481B-A243-902B9F383B7A}.Release|Any CPU.ActiveCfg = Release|Any CPU
		{0282135A-F16E-481B-A243-902B9F383B7A}.Release|Any CPU.Build.0 = Release|Any CPU
		{12E0FEE1-0459-4469-AF62-9E1CAD61645B}.Debug|Any CPU.ActiveCfg = Debug|Any CPU
		{12E0FEE1-0459-4469-AF62-9E1CAD61645B}.Debug|Any CPU.Build.0 = Debug|Any CPU
		{12E0FEE1-0459-4469-AF62-9E1CAD61645B}.Release|Any CPU.ActiveCfg = Release|Any CPU
		{12E0FEE1-0459-4469-AF62-9E1CAD61645B}.Release|Any CPU.Build.0 = Release|Any CPU
		{7FB35C3F-01F5-4DC1-A159-7DBB43980742}.Debug|Any CPU.ActiveCfg = Debug|Any CPU
		{7FB35C3F-01F5-4DC1-A159-7DBB43980742}.Debug|Any CPU.Build.0 = Debug|Any CPU
		{7FB35C3F-01F5-4DC1-A159-7DBB43980742}.Release|Any CPU.ActiveCfg = Release|Any CPU
		{7FB35C3F-01F5-4DC1-A159-7DBB43980742}.Release|Any CPU.Build.0 = Release|Any CPU
		{89683CCE-0AB2-40A5-9321-23834CD27A9C}.Debug|Any CPU.ActiveCfg = Debug|Any CPU
		{89683CCE-0AB2-40A5-9321-23834CD27A9C}.Debug|Any CPU.Build.0 = Debug|Any CPU
		{89683CCE-0AB2-40A5-9321-23834CD27A9C}.Release|Any CPU.ActiveCfg = Release|Any CPU
		{89683CCE-0AB2-40A5-9321-23834CD27A9C}.Release|Any CPU.Build.0 = Release|Any CPU
		{6BEDCC6C-6001-42EA-9EA4-F46CB9C074A3}.Debug|Any CPU.ActiveCfg = Debug|Any CPU
		{6BEDCC6C-6001-42EA-9EA4-F46CB9C074A3}.Debug|Any CPU.Build.0 = Debug|Any CPU
		{6BEDCC6C-6001-42EA-9EA4-F46CB9C074A3}.Release|Any CPU.ActiveCfg = Release|Any CPU
		{6BEDCC6C-6001-42EA-9EA4-F46CB9C074A3}.Release|Any CPU.Build.0 = Release|Any CPU
		{3494B0DC-838E-4E8D-8BF4-47AC22B0CB38}.Debug|Any CPU.ActiveCfg = Debug|Any CPU
		{3494B0DC-838E-4E8D-8BF4-47AC22B0CB38}.Debug|Any CPU.Build.0 = Debug|Any CPU
		{3494B0DC-838E-4E8D-8BF4-47AC22B0CB38}.Release|Any CPU.ActiveCfg = Release|Any CPU
		{3494B0DC-838E-4E8D-8BF4-47AC22B0CB38}.Release|Any CPU.Build.0 = Release|Any CPU
		{00A873EF-138C-4220-BC30-CAC7B3C825BE}.Debug|Any CPU.ActiveCfg = Debug|Any CPU
		{00A873EF-138C-4220-BC30-CAC7B3C825BE}.Debug|Any CPU.Build.0 = Debug|Any CPU
		{00A873EF-138C-4220-BC30-CAC7B3C825BE}.Release|Any CPU.ActiveCfg = Release|Any CPU
		{00A873EF-138C-4220-BC30-CAC7B3C825BE}.Release|Any CPU.Build.0 = Release|Any CPU
		{631F9123-E4CA-4F92-BFD7-D07985A3A8F2}.Debug|Any CPU.ActiveCfg = Debug|Any CPU
		{631F9123-E4CA-4F92-BFD7-D07985A3A8F2}.Debug|Any CPU.Build.0 = Debug|Any CPU
		{631F9123-E4CA-4F92-BFD7-D07985A3A8F2}.Release|Any CPU.ActiveCfg = Release|Any CPU
		{631F9123-E4CA-4F92-BFD7-D07985A3A8F2}.Release|Any CPU.Build.0 = Release|Any CPU
		{6B0CE48E-57B8-433F-A436-7042E2564953}.Debug|Any CPU.ActiveCfg = Debug|Any CPU
		{6B0CE48E-57B8-433F-A436-7042E2564953}.Debug|Any CPU.Build.0 = Debug|Any CPU
		{6B0CE48E-57B8-433F-A436-7042E2564953}.Release|Any CPU.ActiveCfg = Release|Any CPU
		{6B0CE48E-57B8-433F-A436-7042E2564953}.Release|Any CPU.Build.0 = Release|Any CPU
		{FA14DD80-B141-480D-9D57-A6D66C979DE4}.Debug|Any CPU.ActiveCfg = Debug|Any CPU
		{FA14DD80-B141-480D-9D57-A6D66C979DE4}.Debug|Any CPU.Build.0 = Debug|Any CPU
		{FA14DD80-B141-480D-9D57-A6D66C979DE4}.Release|Any CPU.ActiveCfg = Release|Any CPU
		{FA14DD80-B141-480D-9D57-A6D66C979DE4}.Release|Any CPU.Build.0 = Release|Any CPU
		{4580BB42-0A6A-4A97-AA31-7B6621AB30A5}.Debug|Any CPU.ActiveCfg = Debug|Any CPU
		{4580BB42-0A6A-4A97-AA31-7B6621AB30A5}.Debug|Any CPU.Build.0 = Debug|Any CPU
		{4580BB42-0A6A-4A97-AA31-7B6621AB30A5}.Release|Any CPU.ActiveCfg = Release|Any CPU
		{4580BB42-0A6A-4A97-AA31-7B6621AB30A5}.Release|Any CPU.Build.0 = Release|Any CPU
		{9168223B-E028-48F9-9578-91B946208012}.Debug|Any CPU.ActiveCfg = Debug|Any CPU
		{9168223B-E028-48F9-9578-91B946208012}.Debug|Any CPU.Build.0 = Debug|Any CPU
		{9168223B-E028-48F9-9578-91B946208012}.Release|Any CPU.ActiveCfg = Release|Any CPU
		{9168223B-E028-48F9-9578-91B946208012}.Release|Any CPU.Build.0 = Release|Any CPU
	EndGlobalSection
	GlobalSection(SolutionProperties) = preSolution
		HideSolutionNode = FALSE
	EndGlobalSection
EndGlobal
